
Microsoft Visual Studio Solution File, Format Version 12.00
# Visual Studio Version 17
VisualStudioVersion = 17.2.32630.192
MinimumVisualStudioVersion = 10.0.40219.1
Project("{9A19103F-16F7-4668-BE54-9A1E7A4F7556}") = "DashboardMVC", "DashboardMVC\DashboardMVC.csproj", "{19768DED-5469-43C2-9009-88BC30993D2F}"
EndProject
Project("{2150E333-8FDC-42A3-9474-1A3956D46DE8}") = "Web", "Web", "{D16F6905-D719-4D88-AD88-F6FE7DE90B93}"
EndProject
Global
	GlobalSection(SolutionConfigurationPlatforms) = preSolution
		Debug|Any CPU = Debug|Any CPU
		Release|Any CPU = Release|Any CPU
	EndGlobalSection
	GlobalSection(ProjectConfigurationPlatforms) = postSolution
		{19768DED-5469-43C2-9009-88BC30993D2F}.Debug|Any CPU.ActiveCfg = Debug|Any CPU
		{19768DED-5469-43C2-9009-88BC30993D2F}.Debug|Any CPU.Build.0 = Debug|Any CPU
		{19768DED-5469-43C2-9009-88BC30993D2F}.Release|Any CPU.ActiveCfg = Release|Any CPU
		{19768DED-5469-43C2-9009-88BC30993D2F}.Release|Any CPU.Build.0 = Release|Any CPU
	EndGlobalSection
	GlobalSection(SolutionProperties) = preSolution
		HideSolutionNode = FALSE
	EndGlobalSection
	GlobalSection(NestedProjects) = preSolution
		{19768DED-5469-43C2-9009-88BC30993D2F} = {D16F6905-D719-4D88-AD88-F6FE7DE90B93}
	EndGlobalSection
	GlobalSection(ExtensibilityGlobals) = postSolution
		SolutionGuid = {D0E479E7-C659-4B4F-A210-E2871240905F}
	EndGlobalSection
EndGlobal
